// !$*UTF8*$!
{
	archiveVersion = 1;
	classes = {
	};
	objectVersion = 56;
	objects = {

/* Begin PBXBuildFile section */
		FC3202AA2B419E8600AF6AF4 /* testFDJ_LIMAMApp.swift in Sources */ = {isa = PBXBuildFile; fileRef = FC3202A92B419E8600AF6AF4 /* testFDJ_LIMAMApp.swift */; };
		FC3202AC2B419E8600AF6AF4 /* ContentView.swift in Sources */ = {isa = PBXBuildFile; fileRef = FC3202AB2B419E8600AF6AF4 /* ContentView.swift */; };
		FC3202AE2B419E8700AF6AF4 /* Assets.xcassets in Resources */ = {isa = PBXBuildFile; fileRef = FC3202AD2B419E8700AF6AF4 /* Assets.xcassets */; };
		FC3202B12B419E8700AF6AF4 /* Preview Assets.xcassets in Resources */ = {isa = PBXBuildFile; fileRef = FC3202B02B419E8700AF6AF4 /* Preview Assets.xcassets */; };
		FC3202BB2B419E8700AF6AF4 /* testFDJ_LIMAMTests.swift in Sources */ = {isa = PBXBuildFile; fileRef = FC3202BA2B419E8700AF6AF4 /* testFDJ_LIMAMTests.swift */; };
		FC3202C52B419E8700AF6AF4 /* testFDJ_LIMAMUITests.swift in Sources */ = {isa = PBXBuildFile; fileRef = FC3202C42B419E8700AF6AF4 /* testFDJ_LIMAMUITests.swift */; };
		FC3202C72B419E8700AF6AF4 /* testFDJ_LIMAMUITestsLaunchTests.swift in Sources */ = {isa = PBXBuildFile; fileRef = FC3202C62B419E8700AF6AF4 /* testFDJ_LIMAMUITestsLaunchTests.swift */; };
/* End PBXBuildFile section */

/* Begin PBXContainerItemProxy section */
		FC3202B72B419E8700AF6AF4 /* PBXContainerItemProxy */ = {
			isa = PBXContainerItemProxy;
			containerPortal = FC32029E2B419E8600AF6AF4 /* Project object */;
			proxyType = 1;
			remoteGlobalIDString = FC3202A52B419E8600AF6AF4;
			remoteInfo = testFDJ_LIMAM;
		};
		FC3202C12B419E8700AF6AF4 /* PBXContainerItemProxy */ = {
			isa = PBXContainerItemProxy;
			containerPortal = FC32029E2B419E8600AF6AF4 /* Project object */;
			proxyType = 1;
			remoteGlobalIDString = FC3202A52B419E8600AF6AF4;
			remoteInfo = testFDJ_LIMAM;
		};
/* End PBXContainerItemProxy section */

/* Begin PBXFileReference section */
		FC3202A62B419E8600AF6AF4 /* testFDJ_LIMAM.app */ = {isa = PBXFileReference; explicitFileType = wrapper.application; includeInIndex = 0; path = testFDJ_LIMAM.app; sourceTree = BUILT_PRODUCTS_DIR; };
		FC3202A92B419E8600AF6AF4 /* testFDJ_LIMAMApp.swift */ = {isa = PBXFileReference; lastKnownFileType = sourcecode.swift; path = testFDJ_LIMAMApp.swift; sourceTree = "<group>"; };
		FC3202AB2B419E8600AF6AF4 /* ContentView.swift */ = {isa = PBXFileReference; lastKnownFileType = sourcecode.swift; path = ContentView.swift; sourceTree = "<group>"; };
		FC3202AD2B419E8700AF6AF4 /* Assets.xcassets */ = {isa = PBXFileReference; lastKnownFileType = folder.assetcatalog; path = Assets.xcassets; sourceTree = "<group>"; };
		FC3202B02B419E8700AF6AF4 /* Preview Assets.xcassets */ = {isa = PBXFileReference; lastKnownFileType = folder.assetcatalog; path = "Preview Assets.xcassets"; sourceTree = "<group>"; };
		FC3202B62B419E8700AF6AF4 /* testFDJ_LIMAMTests.xctest */ = {isa = PBXFileReference; explicitFileType = wrapper.cfbundle; includeInIndex = 0; path = testFDJ_LIMAMTests.xctest; sourceTree = BUILT_PRODUCTS_DIR; };
		FC3202BA2B419E8700AF6AF4 /* testFDJ_LIMAMTests.swift */ = {isa = PBXFileReference; lastKnownFileType = sourcecode.swift; path = testFDJ_LIMAMTests.swift; sourceTree = "<group>"; };
		FC3202C02B419E8700AF6AF4 /* testFDJ_LIMAMUITests.xctest */ = {isa = PBXFileReference; explicitFileType = wrapper.cfbundle; includeInIndex = 0; path = testFDJ_LIMAMUITests.xctest; sourceTree = BUILT_PRODUCTS_DIR; };
		FC3202C42B419E8700AF6AF4 /* testFDJ_LIMAMUITests.swift */ = {isa = PBXFileReference; lastKnownFileType = sourcecode.swift; path = testFDJ_LIMAMUITests.swift; sourceTree = "<group>"; };
		FC3202C62B419E8700AF6AF4 /* testFDJ_LIMAMUITestsLaunchTests.swift */ = {isa = PBXFileReference; lastKnownFileType = sourcecode.swift; path = testFDJ_LIMAMUITestsLaunchTests.swift; sourceTree = "<group>"; };
/* End PBXFileReference section */

/* Begin PBXFrameworksBuildPhase section */
		FC3202A32B419E8600AF6AF4 /* Frameworks */ = {
			isa = PBXFrameworksBuildPhase;
			buildActionMask = 2147483647;
			files = (
			);
			runOnlyForDeploymentPostprocessing = 0;
		};
		FC3202B32B419E8700AF6AF4 /* Frameworks */ = {
			isa = PBXFrameworksBuildPhase;
			buildActionMask = 2147483647;
			files = (
			);
			runOnlyForDeploymentPostprocessing = 0;
		};
		FC3202BD2B419E8700AF6AF4 /* Frameworks */ = {
			isa = PBXFrameworksBuildPhase;
			buildActionMask = 2147483647;
			files = (
			);
			runOnlyForDeploymentPostprocessing = 0;
		};
/* End PBXFrameworksBuildPhase section */

/* Begin PBXGroup section */
		FC32029D2B419E8600AF6AF4 = {
			isa = PBXGroup;
			children = (
				FC3202A82B419E8600AF6AF4 /* testFDJ_LIMAM */,
				FC3202B92B419E8700AF6AF4 /* testFDJ_LIMAMTests */,
				FC3202C32B419E8700AF6AF4 /* testFDJ_LIMAMUITests */,
				FC3202A72B419E8600AF6AF4 /* Products */,
			);
			sourceTree = "<group>";
		};
		FC3202A72B419E8600AF6AF4 /* Products */ = {
			isa = PBXGroup;
			children = (
				FC3202A62B419E8600AF6AF4 /* testFDJ_LIMAM.app */,
				FC3202B62B419E8700AF6AF4 /* testFDJ_LIMAMTests.xctest */,
				FC3202C02B419E8700AF6AF4 /* testFDJ_LIMAMUITests.xctest */,
			);
			name = Products;
			sourceTree = "<group>";
		};
		FC3202A82B419E8600AF6AF4 /* testFDJ_LIMAM */ = {
			isa = PBXGroup;
			children = (
				FC3202A92B419E8600AF6AF4 /* testFDJ_LIMAMApp.swift */,
				FC3202AB2B419E8600AF6AF4 /* ContentView.swift */,
				FC3202AD2B419E8700AF6AF4 /* Assets.xcassets */,
				FC3202AF2B419E8700AF6AF4 /* Preview Content */,
			);
			path = testFDJ_LIMAM;
			sourceTree = "<group>";
		};
		FC3202AF2B419E8700AF6AF4 /* Preview Content */ = {
			isa = PBXGroup;
			children = (
				FC3202B02B419E8700AF6AF4 /* Preview Assets.xcassets */,
			);
			path = "Preview Content";
			sourceTree = "<group>";
		};
		FC3202B92B419E8700AF6AF4 /* testFDJ_LIMAMTests */ = {
			isa = PBXGroup;
			children = (
				FC3202BA2B419E8700AF6AF4 /* testFDJ_LIMAMTests.swift */,
			);
			path = testFDJ_LIMAMTests;
			sourceTree = "<group>";
		};
		FC3202C32B419E8700AF6AF4 /* testFDJ_LIMAMUITests */ = {
			isa = PBXGroup;
			children = (
				FC3202C42B419E8700AF6AF4 /* testFDJ_LIMAMUITests.swift */,
				FC3202C62B419E8700AF6AF4 /* testFDJ_LIMAMUITestsLaunchTests.swift */,
			);
			path = testFDJ_LIMAMUITests;
			sourceTree = "<group>";
		};
/* End PBXGroup section */

/* Begin PBXNativeTarget section */
		FC3202A52B419E8600AF6AF4 /* testFDJ_LIMAM */ = {
			isa = PBXNativeTarget;
			buildConfigurationList = FC3202CA2B419E8700AF6AF4 /* Build configuration list for PBXNativeTarget "testFDJ_LIMAM" */;
			buildPhases = (
				FC3202A22B419E8600AF6AF4 /* Sources */,
				FC3202A32B419E8600AF6AF4 /* Frameworks */,
				FC3202A42B419E8600AF6AF4 /* Resources */,
			);
			buildRules = (
			);
			dependencies = (
			);
			name = testFDJ_LIMAM;
			productName = testFDJ_LIMAM;
			productReference = FC3202A62B419E8600AF6AF4 /* testFDJ_LIMAM.app */;
			productType = "com.apple.product-type.application";
		};
		FC3202B52B419E8700AF6AF4 /* testFDJ_LIMAMTests */ = {
			isa = PBXNativeTarget;
			buildConfigurationList = FC3202CD2B419E8700AF6AF4 /* Build configuration list for PBXNativeTarget "testFDJ_LIMAMTests" */;
			buildPhases = (
				FC3202B22B419E8700AF6AF4 /* Sources */,
				FC3202B32B419E8700AF6AF4 /* Frameworks */,
				FC3202B42B419E8700AF6AF4 /* Resources */,
			);
			buildRules = (
			);
			dependencies = (
				FC3202B82B419E8700AF6AF4 /* PBXTargetDependency */,
			);
			name = testFDJ_LIMAMTests;
			productName = testFDJ_LIMAMTests;
			productReference = FC3202B62B419E8700AF6AF4 /* testFDJ_LIMAMTests.xctest */;
			productType = "com.apple.product-type.bundle.unit-test";
		};
		FC3202BF2B419E8700AF6AF4 /* testFDJ_LIMAMUITests */ = {
			isa = PBXNativeTarget;
			buildConfigurationList = FC3202D02B419E8700AF6AF4 /* Build configuration list for PBXNativeTarget "testFDJ_LIMAMUITests" */;
			buildPhases = (
				FC3202BC2B419E8700AF6AF4 /* Sources */,
				FC3202BD2B419E8700AF6AF4 /* Frameworks */,
				FC3202BE2B419E8700AF6AF4 /* Resources */,
			);
			buildRules = (
			);
			dependencies = (
				FC3202C22B419E8700AF6AF4 /* PBXTargetDependency */,
			);
			name = testFDJ_LIMAMUITests;
			productName = testFDJ_LIMAMUITests;
			productReference = FC3202C02B419E8700AF6AF4 /* testFDJ_LIMAMUITests.xctest */;
			productType = "com.apple.product-type.bundle.ui-testing";
		};
/* End PBXNativeTarget section */

/* Begin PBXProject section */
		FC32029E2B419E8600AF6AF4 /* Project object */ = {
			isa = PBXProject;
			attributes = {
				BuildIndependentTargetsInParallel = 1;
				LastSwiftUpdateCheck = 1500;
				LastUpgradeCheck = 1500;
				TargetAttributes = {
					FC3202A52B419E8600AF6AF4 = {
						CreatedOnToolsVersion = 15.0.1;
					};
					FC3202B52B419E8700AF6AF4 = {
						CreatedOnToolsVersion = 15.0.1;
						TestTargetID = FC3202A52B419E8600AF6AF4;
					};
					FC3202BF2B419E8700AF6AF4 = {
						CreatedOnToolsVersion = 15.0.1;
						TestTargetID = FC3202A52B419E8600AF6AF4;
					};
				};
			};
			buildConfigurationList = FC3202A12B419E8600AF6AF4 /* Build configuration list for PBXProject "testFDJ_LIMAM" */;
			compatibilityVersion = "Xcode 14.0";
			developmentRegion = en;
			hasScannedForEncodings = 0;
			knownRegions = (
				en,
				Base,
			);
			mainGroup = FC32029D2B419E8600AF6AF4;
			productRefGroup = FC3202A72B419E8600AF6AF4 /* Products */;
			projectDirPath = "";
			projectRoot = "";
			targets = (
				FC3202A52B419E8600AF6AF4 /* testFDJ_LIMAM */,
				FC3202B52B419E8700AF6AF4 /* testFDJ_LIMAMTests */,
				FC3202BF2B419E8700AF6AF4 /* testFDJ_LIMAMUITests */,
			);
		};
/* End PBXProject section */

/* Begin PBXResourcesBuildPhase section */
		FC3202A42B419E8600AF6AF4 /* Resources */ = {
			isa = PBXResourcesBuildPhase;
			buildActionMask = 2147483647;
			files = (
				FC3202B12B419E8700AF6AF4 /* Preview Assets.xcassets in Resources */,
				FC3202AE2B419E8700AF6AF4 /* Assets.xcassets in Resources */,
			);
			runOnlyForDeploymentPostprocessing = 0;
		};
		FC3202B42B419E8700AF6AF4 /* Resources */ = {
			isa = PBXResourcesBuildPhase;
			buildActionMask = 2147483647;
			files = (
			);
			runOnlyForDeploymentPostprocessing = 0;
		};
		FC3202BE2B419E8700AF6AF4 /* Resources */ = {
			isa = PBXResourcesBuildPhase;
			buildActionMask = 2147483647;
			files = (
			);
			runOnlyForDeploymentPostprocessing = 0;
		};
/* End PBXResourcesBuildPhase section */

/* Begin PBXSourcesBuildPhase section */
		FC3202A22B419E8600AF6AF4 /* Sources */ = {
			isa = PBXSourcesBuildPhase;
			buildActionMask = 2147483647;
			files = (
				FC3202AC2B419E8600AF6AF4 /* ContentView.swift in Sources */,
				FC3202AA2B419E8600AF6AF4 /* testFDJ_LIMAMApp.swift in Sources */,
			);
			runOnlyForDeploymentPostprocessing = 0;
		};
		FC3202B22B419E8700AF6AF4 /* Sources */ = {
			isa = PBXSourcesBuildPhase;
			buildActionMask = 2147483647;
			files = (
				FC3202BB2B419E8700AF6AF4 /* testFDJ_LIMAMTests.swift in Sources */,
			);
			runOnlyForDeploymentPostprocessing = 0;
		};
		FC3202BC2B419E8700AF6AF4 /* Sources */ = {
			isa = PBXSourcesBuildPhase;
			buildActionMask = 2147483647;
			files = (
				FC3202C72B419E8700AF6AF4 /* testFDJ_LIMAMUITestsLaunchTests.swift in Sources */,
				FC3202C52B419E8700AF6AF4 /* testFDJ_LIMAMUITests.swift in Sources */,
			);
			runOnlyForDeploymentPostprocessing = 0;
		};
/* End PBXSourcesBuildPhase section */

/* Begin PBXTargetDependency section */
		FC3202B82B419E8700AF6AF4 /* PBXTargetDependency */ = {
			isa = PBXTargetDependency;
			target = FC3202A52B419E8600AF6AF4 /* testFDJ_LIMAM */;
			targetProxy = FC3202B72B419E8700AF6AF4 /* PBXContainerItemProxy */;
		};
		FC3202C22B419E8700AF6AF4 /* PBXTargetDependency */ = {
			isa = PBXTargetDependency;
			target = FC3202A52B419E8600AF6AF4 /* testFDJ_LIMAM */;
			targetProxy = FC3202C12B419E8700AF6AF4 /* PBXContainerItemProxy */;
		};
/* End PBXTargetDependency section */

/* Begin XCBuildConfiguration section */
		FC3202C82B419E8700AF6AF4 /* Debug */ = {
			isa = XCBuildConfiguration;
			buildSettings = {
				ALWAYS_SEARCH_USER_PATHS = NO;
				ASSETCATALOG_COMPILER_GENERATE_SWIFT_ASSET_SYMBOL_EXTENSIONS = YES;
				CLANG_ANALYZER_NONNULL = YES;
				CLANG_ANALYZER_NUMBER_OBJECT_CONVERSION = YES_AGGRESSIVE;
				CLANG_CXX_LANGUAGE_STANDARD = "gnu++20";
				CLANG_ENABLE_MODULES = YES;
				CLANG_ENABLE_OBJC_ARC = YES;
				CLANG_ENABLE_OBJC_WEAK = YES;
				CLANG_WARN_BLOCK_CAPTURE_AUTORELEASING = YES;
				CLANG_WARN_BOOL_CONVERSION = YES;
				CLANG_WARN_COMMA = YES;
				CLANG_WARN_CONSTANT_CONVERSION = YES;
				CLANG_WARN_DEPRECATED_OBJC_IMPLEMENTATIONS = YES;
				CLANG_WARN_DIRECT_OBJC_ISA_USAGE = YES_ERROR;
				CLANG_WARN_DOCUMENTATION_COMMENTS = YES;
				CLANG_WARN_EMPTY_BODY = YES;
				CLANG_WARN_ENUM_CONVERSION = YES;
				CLANG_WARN_INFINITE_RECURSION = YES;
				CLANG_WARN_INT_CONVERSION = YES;
				CLANG_WARN_NON_LITERAL_NULL_CONVERSION = YES;
				CLANG_WARN_OBJC_IMPLICIT_RETAIN_SELF = YES;
				CLANG_WARN_OBJC_LITERAL_CONVERSION = YES;
				CLANG_WARN_OBJC_ROOT_CLASS = YES_ERROR;
				CLANG_WARN_QUOTED_INCLUDE_IN_FRAMEWORK_HEADER = YES;
				CLANG_WARN_RANGE_LOOP_ANALYSIS = YES;
				CLANG_WARN_STRICT_PROTOTYPES = YES;
				CLANG_WARN_SUSPICIOUS_MOVE = YES;
				CLANG_WARN_UNGUARDED_AVAILABILITY = YES_AGGRESSIVE;
				CLANG_WARN_UNREACHABLE_CODE = YES;
				CLANG_WARN__DUPLICATE_METHOD_MATCH = YES;
				COPY_PHASE_STRIP = NO;
				DEBUG_INFORMATION_FORMAT = dwarf;
				ENABLE_STRICT_OBJC_MSGSEND = YES;
				ENABLE_TESTABILITY = YES;
				ENABLE_USER_SCRIPT_SANDBOXING = YES;
				GCC_C_LANGUAGE_STANDARD = gnu17;
				GCC_DYNAMIC_NO_PIC = NO;
				GCC_NO_COMMON_BLOCKS = YES;
				GCC_OPTIMIZATION_LEVEL = 0;
				GCC_PREPROCESSOR_DEFINITIONS = (
					"DEBUG=1",
					"$(inherited)",
				);
				GCC_WARN_64_TO_32_BIT_CONVERSION = YES;
				GCC_WARN_ABOUT_RETURN_TYPE = YES_ERROR;
				GCC_WARN_UNDECLARED_SELECTOR = YES;
				GCC_WARN_UNINITIALIZED_AUTOS = YES_AGGRESSIVE;
				GCC_WARN_UNUSED_FUNCTION = YES;
				GCC_WARN_UNUSED_VARIABLE = YES;
				IPHONEOS_DEPLOYMENT_TARGET = 17.0;
				LOCALIZATION_PREFERS_STRING_CATALOGS = YES;
				MTL_ENABLE_DEBUG_INFO = INCLUDE_SOURCE;
				MTL_FAST_MATH = YES;
				ONLY_ACTIVE_ARCH = YES;
				SDKROOT = iphoneos;
				SWIFT_ACTIVE_COMPILATION_CONDITIONS = "DEBUG $(inherited)";
				SWIFT_OPTIMIZATION_LEVEL = "-Onone";
			};
			name = Debug;
		};
		FC3202C92B419E8700AF6AF4 /* Release */ = {
			isa = XCBuildConfiguration;
			buildSettings = {
				ALWAYS_SEARCH_USER_PATHS = NO;
				ASSETCATALOG_COMPILER_GENERATE_SWIFT_ASSET_SYMBOL_EXTENSIONS = YES;
				CLANG_ANALYZER_NONNULL = YES;
				CLANG_ANALYZER_NUMBER_OBJECT_CONVERSION = YES_AGGRESSIVE;
				CLANG_CXX_LANGUAGE_STANDARD = "gnu++20";
				CLANG_ENABLE_MODULES = YES;
				CLANG_ENABLE_OBJC_ARC = YES;
				CLANG_ENABLE_OBJC_WEAK = YES;
				CLANG_WARN_BLOCK_CAPTURE_AUTORELEASING = YES;
				CLANG_WARN_BOOL_CONVERSION = YES;
				CLANG_WARN_COMMA = YES;
				CLANG_WARN_CONSTANT_CONVERSION = YES;
				CLANG_WARN_DEPRECATED_OBJC_IMPLEMENTATIONS = YES;
				CLANG_WARN_DIRECT_OBJC_ISA_USAGE = YES_ERROR;
				CLANG_WARN_DOCUMENTATION_COMMENTS = YES;
				CLANG_WARN_EMPTY_BODY = YES;
				CLANG_WARN_ENUM_CONVERSION = YES;
				CLANG_WARN_INFINITE_RECURSION = YES;
				CLANG_WARN_INT_CONVERSION = YES;
				CLANG_WARN_NON_LITERAL_NULL_CONVERSION = YES;
				CLANG_WARN_OBJC_IMPLICIT_RETAIN_SELF = YES;
				CLANG_WARN_OBJC_LITERAL_CONVERSION = YES;
				CLANG_WARN_OBJC_ROOT_CLASS = YES_ERROR;
				CLANG_WARN_QUOTED_INCLUDE_IN_FRAMEWORK_HEADER = YES;
				CLANG_WARN_RANGE_LOOP_ANALYSIS = YES;
				CLANG_WARN_STRICT_PROTOTYPES = YES;
				CLANG_WARN_SUSPICIOUS_MOVE = YES;
				CLANG_WARN_UNGUARDED_AVAILABILITY = YES_AGGRESSIVE;
				CLANG_WARN_UNREACHABLE_CODE = YES;
				CLANG_WARN__DUPLICATE_METHOD_MATCH = YES;
				COPY_PHASE_STRIP = NO;
				DEBUG_INFORMATION_FORMAT = "dwarf-with-dsym";
				ENABLE_NS_ASSERTIONS = NO;
				ENABLE_STRICT_OBJC_MSGSEND = YES;
				ENABLE_USER_SCRIPT_SANDBOXING = YES;
				GCC_C_LANGUAGE_STANDARD = gnu17;
				GCC_NO_COMMON_BLOCKS = YES;
				GCC_WARN_64_TO_32_BIT_CONVERSION = YES;
				GCC_WARN_ABOUT_RETURN_TYPE = YES_ERROR;
				GCC_WARN_UNDECLARED_SELECTOR = YES;
				GCC_WARN_UNINITIALIZED_AUTOS = YES_AGGRESSIVE;
				GCC_WARN_UNUSED_FUNCTION = YES;
				GCC_WARN_UNUSED_VARIABLE = YES;
				IPHONEOS_DEPLOYMENT_TARGET = 17.0;
				LOCALIZATION_PREFERS_STRING_CATALOGS = YES;
				MTL_ENABLE_DEBUG_INFO = NO;
				MTL_FAST_MATH = YES;
				SDKROOT = iphoneos;
				SWIFT_COMPILATION_MODE = wholemodule;
				VALIDATE_PRODUCT = YES;
			};
			name = Release;
		};
		FC3202CB2B419E8700AF6AF4 /* Debug */ = {
			isa = XCBuildConfiguration;
			buildSettings = {
				ASSETCATALOG_COMPILER_APPICON_NAME = AppIcon;
				ASSETCATALOG_COMPILER_GLOBAL_ACCENT_COLOR_NAME = AccentColor;
				CODE_SIGN_STYLE = Automatic;
				CURRENT_PROJECT_VERSION = 1;
				DEVELOPMENT_ASSET_PATHS = "\"testFDJ_LIMAM/Preview Content\"";
				DEVELOPMENT_TEAM = 56D5PMZ47U;
				ENABLE_PREVIEWS = YES;
				GENERATE_INFOPLIST_FILE = YES;
				INFOPLIST_KEY_UIApplicationSceneManifest_Generation = YES;
				INFOPLIST_KEY_UIApplicationSupportsIndirectInputEvents = YES;
				INFOPLIST_KEY_UILaunchScreen_Generation = YES;
				INFOPLIST_KEY_UISupportedInterfaceOrientations_iPad = "UIInterfaceOrientationPortrait UIInterfaceOrientationPortraitUpsideDown UIInterfaceOrientationLandscapeLeft UIInterfaceOrientationLandscapeRight";
				INFOPLIST_KEY_UISupportedInterfaceOrientations_iPhone = "UIInterfaceOrientationPortrait UIInterfaceOrientationLandscapeLeft UIInterfaceOrientationLandscapeRight";
				LD_RUNPATH_SEARCH_PATHS = (
					"$(inherited)",
					"@executable_path/Frameworks",
				);
				MARKETING_VERSION = 1.0;
				PRODUCT_BUNDLE_IDENTIFIER = "com.belhassenlimam.testFDJ-LIMAM";
				PRODUCT_NAME = "$(TARGET_NAME)";
				SWIFT_EMIT_LOC_STRINGS = YES;
				SWIFT_VERSION = 5.0;
				TARGETED_DEVICE_FAMILY = "1,2";
			};
			name = Debug;
		};
		FC3202CC2B419E8700AF6AF4 /* Release */ = {
			isa = XCBuildConfiguration;
			buildSettings = {
				ASSETCATALOG_COMPILER_APPICON_NAME = AppIcon;
				ASSETCATALOG_COMPILER_GLOBAL_ACCENT_COLOR_NAME = AccentColor;
				CODE_SIGN_STYLE = Automatic;
				CURRENT_PROJECT_VERSION = 1;
				DEVELOPMENT_ASSET_PATHS = "\"testFDJ_LIMAM/Preview Content\"";
				DEVELOPMENT_TEAM = 56D5PMZ47U;
				ENABLE_PREVIEWS = YES;
				GENERATE_INFOPLIST_FILE = YES;
				INFOPLIST_KEY_UIApplicationSceneManifest_Generation = YES;
				INFOPLIST_KEY_UIApplicationSupportsIndirectInputEvents = YES;
				INFOPLIST_KEY_UILaunchScreen_Generation = YES;
				INFOPLIST_KEY_UISupportedInterfaceOrientations_iPad = "UIInterfaceOrientationPortrait UIInterfaceOrientationPortraitUpsideDown UIInterfaceOrientationLandscapeLeft UIInterfaceOrientationLandscapeRight";
				INFOPLIST_KEY_UISupportedInterfaceOrientations_iPhone = "UIInterfaceOrientationPortrait UIInterfaceOrientationLandscapeLeft UIInterfaceOrientationLandscapeRight";
				LD_RUNPATH_SEARCH_PATHS = (
					"$(inherited)",
					"@executable_path/Frameworks",
				);
				MARKETING_VERSION = 1.0;
				PRODUCT_BUNDLE_IDENTIFIER = "com.belhassenlimam.testFDJ-LIMAM";
				PRODUCT_NAME = "$(TARGET_NAME)";
				SWIFT_EMIT_LOC_STRINGS = YES;
				SWIFT_VERSION = 5.0;
				TARGETED_DEVICE_FAMILY = "1,2";
			};
			name = Release;
		};
		FC3202CE2B419E8700AF6AF4 /* Debug */ = {
			isa = XCBuildConfiguration;
			buildSettings = {
				ALWAYS_EMBED_SWIFT_STANDARD_LIBRARIES = YES;
				BUNDLE_LOADER = "$(TEST_HOST)";
				CODE_SIGN_STYLE = Automatic;
				CURRENT_PROJECT_VERSION = 1;
				DEVELOPMENT_TEAM = 56D5PMZ47U;
				GENERATE_INFOPLIST_FILE = YES;
				IPHONEOS_DEPLOYMENT_TARGET = 17.0;
				MARKETING_VERSION = 1.0;
				PRODUCT_BUNDLE_IDENTIFIER = "com.belhassenlimam.testFDJ-LIMAMTests";
				PRODUCT_NAME = "$(TARGET_NAME)";
				SWIFT_EMIT_LOC_STRINGS = NO;
				SWIFT_VERSION = 5.0;
				TARGETED_DEVICE_FAMILY = "1,2";
				TEST_HOST = "$(BUILT_PRODUCTS_DIR)/testFDJ_LIMAM.app/$(BUNDLE_EXECUTABLE_FOLDER_PATH)/testFDJ_LIMAM";
			};
			name = Debug;
		};
		FC3202CF2B419E8700AF6AF4 /* Release */ = {
			isa = XCBuildConfiguration;
			buildSettings = {
				ALWAYS_EMBED_SWIFT_STANDARD_LIBRARIES = YES;
				BUNDLE_LOADER = "$(TEST_HOST)";
				CODE_SIGN_STYLE = Automatic;
				CURRENT_PROJECT_VERSION = 1;
				DEVELOPMENT_TEAM = 56D5PMZ47U;
				GENERATE_INFOPLIST_FILE = YES;
				IPHONEOS_DEPLOYMENT_TARGET = 17.0;
				MARKETING_VERSION = 1.0;
				PRODUCT_BUNDLE_IDENTIFIER = "com.belhassenlimam.testFDJ-LIMAMTests";
				PRODUCT_NAME = "$(TARGET_NAME)";
				SWIFT_EMIT_LOC_STRINGS = NO;
				SWIFT_VERSION = 5.0;
				TARGETED_DEVICE_FAMILY = "1,2";
				TEST_HOST = "$(BUILT_PRODUCTS_DIR)/testFDJ_LIMAM.app/$(BUNDLE_EXECUTABLE_FOLDER_PATH)/testFDJ_LIMAM";
			};
			name = Release;
		};
		FC3202D12B419E8700AF6AF4 /* Debug */ = {
			isa = XCBuildConfiguration;
			buildSettings = {
				ALWAYS_EMBED_SWIFT_STANDARD_LIBRARIES = YES;
				CODE_SIGN_STYLE = Automatic;
				CURRENT_PROJECT_VERSION = 1;
				DEVELOPMENT_TEAM = 56D5PMZ47U;
				GENERATE_INFOPLIST_FILE = YES;
				MARKETING_VERSION = 1.0;
				PRODUCT_BUNDLE_IDENTIFIER = "com.belhassenlimam.testFDJ-LIMAMUITests";
				PRODUCT_NAME = "$(TARGET_NAME)";
				SWIFT_EMIT_LOC_STRINGS = NO;
				SWIFT_VERSION = 5.0;
				TARGETED_DEVICE_FAMILY = "1,2";
				TEST_TARGET_NAME = testFDJ_LIMAM;
			};
			name = Debug;
		};
		FC3202D22B419E8700AF6AF4 /* Release */ = {
			isa = XCBuildConfiguration;
			buildSettings = {
				ALWAYS_EMBED_SWIFT_STANDARD_LIBRARIES = YES;
				CODE_SIGN_STYLE = Automatic;
				CURRENT_PROJECT_VERSION = 1;
				DEVELOPMENT_TEAM = 56D5PMZ47U;
				GENERATE_INFOPLIST_FILE = YES;
				MARKETING_VERSION = 1.0;
				PRODUCT_BUNDLE_IDENTIFIER = "com.belhassenlimam.testFDJ-LIMAMUITests";
				PRODUCT_NAME = "$(TARGET_NAME)";
				SWIFT_EMIT_LOC_STRINGS = NO;
				SWIFT_VERSION = 5.0;
				TARGETED_DEVICE_FAMILY = "1,2";
				TEST_TARGET_NAME = testFDJ_LIMAM;
			};
			name = Release;
		};
/* End XCBuildConfiguration section */

/* Begin XCConfigurationList section */
		FC3202A12B419E8600AF6AF4 /* Build configuration list for PBXProject "testFDJ_LIMAM" */ = {
			isa = XCConfigurationList;
			buildConfigurations = (
				FC3202C82B419E8700AF6AF4 /* Debug */,
				FC3202C92B419E8700AF6AF4 /* Release */,
			);
			defaultConfigurationIsVisible = 0;
			defaultConfigurationName = Release;
		};
		FC3202CA2B419E8700AF6AF4 /* Build configuration list for PBXNativeTarget "testFDJ_LIMAM" */ = {
			isa = XCConfigurationList;
			buildConfigurations = (
				FC3202CB2B419E8700AF6AF4 /* Debug */,
				FC3202CC2B419E8700AF6AF4 /* Release */,
			);
			defaultConfigurationIsVisible = 0;
			defaultConfigurationName = Release;
		};
		FC3202CD2B419E8700AF6AF4 /* Build configuration list for PBXNativeTarget "testFDJ_LIMAMTests" */ = {
			isa = XCConfigurationList;
			buildConfigurations = (
				FC3202CE2B419E8700AF6AF4 /* Debug */,
				FC3202CF2B419E8700AF6AF4 /* Release */,
			);
			defaultConfigurationIsVisible = 0;
			defaultConfigurationName = Release;
		};
		FC3202D02B419E8700AF6AF4 /* Build configuration list for PBXNativeTarget "testFDJ_LIMAMUITests" */ = {
			isa = XCConfigurationList;
			buildConfigurations = (
				FC3202D12B419E8700AF6AF4 /* Debug */,
				FC3202D22B419E8700AF6AF4 /* Release */,
			);
			defaultConfigurationIsVisible = 0;
			defaultConfigurationName = Release;
		};
/* End XCConfigurationList section */
	};
	rootObject = FC32029E2B419E8600AF6AF4 /* Project object */;
}
